Microsoft Visual Studio Solution File, Format Version 12.00
# Visual Studio Version 17
VisualStudioVersion = 17.0.31903.59
MinimumVisualStudioVersion = 10.0.40219.1
Project("{FAE04EC0-301F-11D3-BF4B-00C04F79EFBC}") = "UnityEvalTool.SourceGenerator", "src\UnityEvalTool.SourceGenerator\UnityEvalTool.SourceGenerator.csproj", "{C0D48E4E-1451-4D57-A569-A4DF6D68693D}"
EndProject
Project("{FAE04EC0-301F-11D3-BF4B-00C04F79EFBC}") = "UnityEvalTool.SourceGenerator.Tests", "tests\UnityEvalTool.SourceGenerator.Tests\UnityEvalTool.SourceGenerator.Tests.csproj", "{66135B7E-32B6-4B91-A83F-44E7FE026999}"
EndProject
Global
	GlobalSection(SolutionConfigurationPlatforms) = preSolution
		Debug|Any CPU = Debug|Any CPU
		Release|Any CPU = Release|Any CPU
	EndGlobalSection
	GlobalSection(ProjectConfigurationPlatforms) = postSolution
		{C0D48E4E-1451-4D57-A569-A4DF6D68693D}.Debug|Any CPU.ActiveCfg = Debug|Any CPU
		{C0D48E4E-1451-4D57-A569-A4DF6D68693D}.Debug|Any CPU.Build.0 = Debug|Any CPU
		{C0D48E4E-1451-4D57-A569-A4DF6D68693D}.Release|Any CPU.ActiveCfg = Release|Any CPU
		{C0D48E4E-1451-4D57-A569-A4DF6D68693D}.Release|Any CPU.Build.0 = Release|Any CPU
		{66135B7E-32B6-4B91-A83F-44E7FE026999}.Debug|Any CPU.ActiveCfg = Debug|Any CPU
		{66135B7E-32B6-4B91-A83F-44E7FE026999}.Debug|Any CPU.Build.0 = Debug|Any CPU
		{66135B7E-32B6-4B91-A83F-44E7FE026999}.Release|Any CPU.ActiveCfg = Release|Any CPU
		{66135B7E-32B6-4B91-A83F-44E7FE026999}.Release|Any CPU.Build.0 = Release|Any CPU
	EndGlobalSection
	GlobalSection(SolutionProperties) = preSolution
		HideSolutionNode = FALSE
	EndGlobalSection
EndGlobal
